{
    "version": 3,
    "terraform_version": "0.11.5",
    "serial": 7,
    "lineage": "859d49ab-1a26-7c49-c509-08e82b33e831",
    "modules": [
        {
            "path": [
                "root"
            ],
            "outputs": {},
            "resources": {
                "aws_default_route_table.tf_private_rt": {
                    "type": "aws_default_route_table",
                    "depends_on": [
                        "aws_vpc.tf_vpc"
                    ],
                    "primary": {
                        "id": "rtb-00289595cfed7025d",
                        "attributes": {
                            "default_route_table_id": "rtb-00289595cfed7025d",
                            "id": "rtb-00289595cfed7025d",
                            "owner_id": "657793106363",
                            "propagating_vgws.#": "0",
                            "route.#": "0",
                            "tags.%": "1",
                            "tags.Name": "tf_private",
                            "vpc_id": "vpc-0a58d7fa26b57bbc1"
                        },
                        "meta": {},
                        "tainted": false
                    },
                    "deposed": [],
                    "provider": "provider.aws"
                },
                "aws_internet_gateway.tf_internet_gateway": {
                    "type": "aws_internet_gateway",
                    "depends_on": [
                        "aws_vpc.tf_vpc"
                    ],
                    "primary": {
                        "id": "igw-000ee2572727f80ac",
                        "attributes": {
                            "id": "igw-000ee2572727f80ac",
                            "owner_id": "657793106363",
                            "tags.%": "1",
                            "tags.Name": "tf_igw",
                            "vpc_id": "vpc-0a58d7fa26b57bbc1"
                        },
                        "meta": {},
                        "tainted": false
                    },
                    "deposed": [],
                    "provider": "provider.aws"
                },
                "aws_route_table.tf_public_rt": {
                    "type": "aws_route_table",
                    "depends_on": [
                        "aws_internet_gateway.tf_internet_gateway",
                        "aws_vpc.tf_vpc"
                    ],
                    "primary": {
                        "id": "rtb-0738e010ae28230d5",
                        "attributes": {
                            "id": "rtb-0738e010ae28230d5",
                            "owner_id": "657793106363",
                            "propagating_vgws.#": "0",
                            "route.#": "1",
                            "route.324534565.cidr_block": "0.0.0.0/0",
                            "route.324534565.egress_only_gateway_id": "",
                            "route.324534565.gateway_id": "igw-000ee2572727f80ac",
                            "route.324534565.instance_id": "",
                            "route.324534565.ipv6_cidr_block": "",
                            "route.324534565.nat_gateway_id": "",
                            "route.324534565.network_interface_id": "",
                            "route.324534565.transit_gateway_id": "",
                            "route.324534565.vpc_peering_connection_id": "",
                            "tags.%": "1",
                            "tags.Name": "tf_public",
                            "vpc_id": "vpc-0a58d7fa26b57bbc1"
                        },
                        "meta": {},
                        "tainted": false
                    },
                    "deposed": [],
                    "provider": "provider.aws"
                },
                "aws_security_group.tf_public_sg": {
                    "type": "aws_security_group",
                    "depends_on": [
                        "aws_vpc.tf_vpc"
                    ],
                    "primary": {
                        "id": "sg-094e1dfeb69b13a4c",
                        "attributes": {
                            "description": "Used for public instances",
                            "egress.#": "1",
                            "egress.482069346.cidr_blocks.#": "1",
                            "egress.482069346.cidr_blocks.0": "0.0.0.0/0",
                            "egress.482069346.description": "",
                            "egress.482069346.from_port": "0",
                            "egress.482069346.ipv6_cidr_blocks.#": "0",
                            "egress.482069346.prefix_list_ids.#": "0",
                            "egress.482069346.protocol": "-1",
                            "egress.482069346.security_groups.#": "0",
                            "egress.482069346.self": "false",
                            "egress.482069346.to_port": "0",
                            "id": "sg-094e1dfeb69b13a4c",
                            "ingress.#": "2",
                            "ingress.2541437006.cidr_blocks.#": "1",
                            "ingress.2541437006.cidr_blocks.0": "0.0.0.0/0",
                            "ingress.2541437006.description": "",
                            "ingress.2541437006.from_port": "22",
                            "ingress.2541437006.ipv6_cidr_blocks.#": "0",
                            "ingress.2541437006.prefix_list_ids.#": "0",
                            "ingress.2541437006.protocol": "tcp",
                            "ingress.2541437006.security_groups.#": "0",
                            "ingress.2541437006.self": "false",
                            "ingress.2541437006.to_port": "22",
                            "ingress.3133253959.cidr_blocks.#": "1",
                            "ingress.3133253959.cidr_blocks.0": "0.0.0.0/0",
                            "ingress.3133253959.description": "",
                            "ingress.3133253959.from_port": "80",
                            "ingress.3133253959.ipv6_cidr_blocks.#": "0",
                            "ingress.3133253959.prefix_list_ids.#": "0",
                            "ingress.3133253959.protocol": "-1",
                            "ingress.3133253959.security_groups.#": "0",
                            "ingress.3133253959.self": "false",
                            "ingress.3133253959.to_port": "80",
                            "name": "{tf_public_sg}",
                            "revoke_rules_on_delete": "false",
                            "vpc_id": "vpc-0a58d7fa26b57bbc1"
                        },
                        "meta": {
                            "e2bfb730-ecaa-11e6-8f88-34363bc7c4c0": {
                                "create": 600000000000,
                                "delete": 600000000000
                            },
                            "schema_version": "1"
                        },
                        "tainted": false
                    },
                    "deposed": [],
                    "provider": "provider.aws"
                },
                "aws_vpc.tf_vpc": {
                    "type": "aws_vpc",
                    "depends_on": [],
                    "primary": {
                        "id": "vpc-0a58d7fa26b57bbc1",
                        "attributes": {
                            "arn": "arn:aws:ec2:us-east-1:657793106363:vpc/vpc-0a58d7fa26b57bbc1",
                            "assign_generated_ipv6_cidr_block": "false",
                            "cidr_block": "10.123.0.0/16",
                            "default_network_acl_id": "acl-015faa48b6feda0cf",
                            "default_route_table_id": "rtb-00289595cfed7025d",
                            "default_security_group_id": "sg-0643e6a9101a9d814",
                            "dhcp_options_id": "dopt-b099eac8",
                            "enable_classiclink": "false",
                            "enable_classiclink_dns_support": "false",
                            "enable_dns_hostnames": "false",
                            "enable_dns_support": "true",
                            "id": "vpc-0a58d7fa26b57bbc1",
                            "instance_tenancy": "default",
                            "ipv6_association_id": "",
                            "ipv6_cidr_block": "",
                            "main_route_table_id": "rtb-00289595cfed7025d",
                            "owner_id": "657793106363",
                            "tags.%": "1",
                            "tags.Name": "tf_vpc"
                        },
                        "meta": {
                            "schema_version": "1"
                        },
                        "tainted": false
                    },
                    "deposed": [],
                    "provider": "provider.aws"
                }
            },
            "depends_on": []
        }
    ]
}
