{
    "version": 3,
    "terraform_version": "0.11.5",
    "serial": 5,
    "lineage": "859d49ab-1a26-7c49-c509-08e82b33e831",
    "modules": [
        {
            "path": [
                "root"
            ],
            "outputs": {},
            "resources": {
                "aws_default_route_table.tf_private_rt": {
                    "type": "aws_default_route_table",
                    "depends_on": [
                        "aws_vpc.tf_vpc"
                    ],
                    "primary": {
                        "id": "rtb-0bbaa3582ac703132",
                        "attributes": {
                            "default_route_table_id": "rtb-0bbaa3582ac703132",
                            "id": "rtb-0bbaa3582ac703132",
                            "owner_id": "657793106363",
                            "propagating_vgws.#": "0",
                            "route.#": "0",
                            "tags.%": "1",
                            "tags.Name": "tf_private",
                            "vpc_id": "vpc-03492d6faf6f050f3"
                        },
                        "meta": {},
                        "tainted": false
                    },
                    "deposed": [],
                    "provider": "provider.aws"
                },
                "aws_internet_gateway.tf_internet_gateway": {
                    "type": "aws_internet_gateway",
                    "depends_on": [
                        "aws_vpc.tf_vpc"
                    ],
                    "primary": {
                        "id": "igw-0c7ff44101821d92c",
                        "attributes": {
                            "id": "igw-0c7ff44101821d92c",
                            "owner_id": "657793106363",
                            "tags.%": "1",
                            "tags.Name": "tf_igw",
                            "vpc_id": "vpc-03492d6faf6f050f3"
                        },
                        "meta": {},
                        "tainted": false
                    },
                    "deposed": [],
                    "provider": "provider.aws"
                },
                "aws_route_table.tf_publit_rt": {
                    "type": "aws_route_table",
                    "depends_on": [
                        "aws_internet_gateway.tf_internet_gateway",
                        "aws_vpc.tf_vpc"
                    ],
                    "primary": {
                        "id": "rtb-027dd328b76d4d6f5",
                        "attributes": {
                            "id": "rtb-027dd328b76d4d6f5",
                            "owner_id": "657793106363",
                            "propagating_vgws.#": "0",
                            "route.#": "1",
                            "route.3793645303.cidr_block": "0.0.0.0/0",
                            "route.3793645303.egress_only_gateway_id": "",
                            "route.3793645303.gateway_id": "igw-0c7ff44101821d92c",
                            "route.3793645303.instance_id": "",
                            "route.3793645303.ipv6_cidr_block": "",
                            "route.3793645303.nat_gateway_id": "",
                            "route.3793645303.network_interface_id": "",
                            "route.3793645303.transit_gateway_id": "",
                            "route.3793645303.vpc_peering_connection_id": "",
                            "tags.%": "1",
                            "tags.Name": "tf_public",
                            "vpc_id": "vpc-03492d6faf6f050f3"
                        },
                        "meta": {},
                        "tainted": false
                    },
                    "deposed": [],
                    "provider": "provider.aws"
                },
                "aws_vpc.tf_vpc": {
                    "type": "aws_vpc",
                    "depends_on": [],
                    "primary": {
                        "id": "vpc-03492d6faf6f050f3",
                        "attributes": {
                            "arn": "arn:aws:ec2:us-east-1:657793106363:vpc/vpc-03492d6faf6f050f3",
                            "assign_generated_ipv6_cidr_block": "false",
                            "cidr_block": "10.123.0.0/16",
                            "default_network_acl_id": "acl-06962b1dd2b131869",
                            "default_route_table_id": "rtb-0bbaa3582ac703132",
                            "default_security_group_id": "sg-0f3019530f31717de",
                            "dhcp_options_id": "dopt-b099eac8",
                            "enable_classiclink": "false",
                            "enable_classiclink_dns_support": "false",
                            "enable_dns_hostnames": "false",
                            "enable_dns_support": "true",
                            "id": "vpc-03492d6faf6f050f3",
                            "instance_tenancy": "default",
                            "ipv6_association_id": "",
                            "ipv6_cidr_block": "",
                            "main_route_table_id": "rtb-0bbaa3582ac703132",
                            "owner_id": "657793106363",
                            "tags.%": "1",
                            "tags.Name": "tf_vpc"
                        },
                        "meta": {
                            "schema_version": "1"
                        },
                        "tainted": false
                    },
                    "deposed": [],
                    "provider": "provider.aws"
                }
            },
            "depends_on": []
        }
    ]
}
